
Microsoft Visual Studio Solution File, Format Version 12.00
#
Project("{FAE04EC0-301F-11D3-BF4B-00C04F79EFBC}") = "CassandraDriver", "CassandraDriver\CassandraDriver.csproj", "{2B66A6FE-A8DF-4414-9498-165D194E4DEA}"
EndProject
Project("{FAE04EC0-301F-11D3-BF4B-00C04F79EFBC}") = "CassandraDriver.Tests", "CassandraDriver.Tests\CassandraDriver.Tests.csproj", "{6153F236-B77E-4F97-8867-63F001E3A315}"
EndProject
Project("{FAE04EC0-301F-11D3-BF4B-00C04F79EFBC}") = "CassandraDriver.Generators", "CassandraDriver.Generators\CassandraDriver.Generators.csproj", "{63C8C56D-C34A-49EB-AABF-D799D0F1D8B4}"
EndProject
Project("{FAE04EC0-301F-11D3-BF4B-00C04F79EFBC}") = "CassandraDriver.Samples", "CassandraDriver.Samples\CassandraDriver.Samples.csproj", "{E8664120-2570-4EB5-BCE8-FADF2D9CEC14}"
EndProject
Global
	GlobalSection(SolutionConfigurationPlatforms) = preSolution
		Debug|Any CPU = Debug|Any CPU
		Release|Any CPU = Release|Any CPU
	EndGlobalSection
	GlobalSection(ProjectConfigurationPlatforms) = postSolution
		{2B66A6FE-A8DF-4414-9498-165D194E4DEA}.Debug|Any CPU.ActiveCfg = Debug|Any CPU
		{2B66A6FE-A8DF-4414-9498-165D194E4DEA}.Debug|Any CPU.Build.0 = Debug|Any CPU
		{2B66A6FE-A8DF-4414-9498-165D194E4DEA}.Release|Any CPU.ActiveCfg = Release|Any CPU
		{2B66A6FE-A8DF-4414-9498-165D194E4DEA}.Release|Any CPU.Build.0 = Release|Any CPU
		{6153F236-B77E-4F97-8867-63F001E3A315}.Debug|Any CPU.ActiveCfg = Debug|Any CPU
		{6153F236-B77E-4F97-8867-63F001E3A315}.Debug|Any CPU.Build.0 = Debug|Any CPU
		{6153F236-B77E-4F97-8867-63F001E3A315}.Release|Any CPU.ActiveCfg = Release|Any CPU
		{6153F236-B77E-4F97-8867-63F001E3A315}.Release|Any CPU.Build.0 = Release|Any CPU
		{63C8C56D-C34A-49EB-AABF-D799D0F1D8B4}.Debug|Any CPU.ActiveCfg = Debug|Any CPU
		{63C8C56D-C34A-49EB-AABF-D799D0F1D8B4}.Debug|Any CPU.Build.0 = Debug|Any CPU
		{63C8C56D-C34A-49EB-AABF-D799D0F1D8B4}.Release|Any CPU.ActiveCfg = Release|Any CPU
		{63C8C56D-C34A-49EB-AABF-D799D0F1D8B4}.Release|Any CPU.Build.0 = Release|Any CPU
		{E8664120-2570-4EB5-BCE8-FADF2D9CEC14}.Debug|Any CPU.ActiveCfg = Debug|Any CPU
		{E8664120-2570-4EB5-BCE8-FADF2D9CEC14}.Debug|Any CPU.Build.0 = Debug|Any CPU
		{E8664120-2570-4EB5-BCE8-FADF2D9CEC14}.Release|Any CPU.ActiveCfg = Release|Any CPU
		{E8664120-2570-4EB5-BCE8-FADF2D9CEC14}.Release|Any CPU.Build.0 = Release|Any CPU
	EndGlobalSection
EndGlobal
